// !$*UTF8*$!
{
	archiveVersion = 1;
	classes = {
	};
	objectVersion = 46;
	objects = {

/* Begin PBXBuildFile section */
		67EF35041EC4B4860048A867 /* AppDelegate.swift in Sources */ = {isa = PBXBuildFile; fileRef = 67EF35031EC4B4860048A867 /* AppDelegate.swift */; };
		67EF35061EC4B4860048A867 /* ViewController.swift in Sources */ = {isa = PBXBuildFile; fileRef = 67EF35051EC4B4860048A867 /* ViewController.swift */; };
		67EF35091EC4B4860048A867 /* Main.storyboard in Resources */ = {isa = PBXBuildFile; fileRef = 67EF35071EC4B4860048A867 /* Main.storyboard */; };
		67EF350B1EC4B4860048A867 /* Assets.xcassets in Resources */ = {isa = PBXBuildFile; fileRef = 67EF350A1EC4B4860048A867 /* Assets.xcassets */; };
		67EF350E1EC4B4860048A867 /* LaunchScreen.storyboard in Resources */ = {isa = PBXBuildFile; fileRef = 67EF350C1EC4B4860048A867 /* LaunchScreen.storyboard */; };
/* End PBXBuildFile section */

/* Begin PBXFileReference section */
		67EF35001EC4B4860048A867 /* Imagepicker.app */ = {isa = PBXFileReference; explicitFileType = wrapper.application; includeInIndex = 0; path = Imagepicker.app; sourceTree = BUILT_PRODUCTS_DIR; };
		67EF35031EC4B4860048A867 /* AppDelegate.swift */ = {isa = PBXFileReference; lastKnownFileType = sourcecode.swift; path = AppDelegate.swift; sourceTree = "<group>"; };
		67EF35051EC4B4860048A867 /* ViewController.swift */ = {isa = PBXFileReference; lastKnownFileType = sourcecode.swift; path = ViewController.swift; sourceTree = "<group>"; };
		67EF35081EC4B4860048A867 /* Base */ = {isa = PBXFileReference; lastKnownFileType = file.storyboard; name = Base; path = Base.lproj/Main.storyboard; sourceTree = "<group>"; };
		67EF350A1EC4B4860048A867 /* Assets.xcassets */ = {isa = PBXFileReference; lastKnownFileType = folder.assetcatalog; path = Assets.xcassets; sourceTree = "<group>"; };
		67EF350D1EC4B4860048A867 /* Base */ = {isa = PBXFileReference; lastKnownFileType = file.storyboard; name = Base; path = Base.lproj/LaunchScreen.storyboard; sourceTree = "<group>"; };
		67EF350F1EC4B4860048A867 /* Info.plist */ = {isa = PBXFileReference; lastKnownFileType = text.plist.xml; path = Info.plist; sourceTree = "<group>"; };
/* End PBXFileReference section */

/* Begin PBXFrameworksBuildPhase section */
		67EF34FD1EC4B4860048A867 /* Frameworks */ = {
			isa = PBXFrameworksBuildPhase;
			buildActionMask = 2147483647;
			files = (
			);
			runOnlyForDeploymentPostprocessing = 0;
		};
/* End PBXFrameworksBuildPhase section */

/* Begin PBXGroup section */
		67EF34F71EC4B4860048A867 = {
			isa = PBXGroup;
			children = (
				67EF35021EC4B4860048A867 /* Imagepicker */,
				67EF35011EC4B4860048A867 /* Products */,
			);
			sourceTree = "<group>";
		};
		67EF35011EC4B4860048A867 /* Products */ = {
			isa = PBXGroup;
			children = (
				67EF35001EC4B4860048A867 /* Imagepicker.app */,
			);
			name = Products;
			sourceTree = "<group>";
		};
		67EF35021EC4B4860048A867 /* Imagepicker */ = {
			isa = PBXGroup;
			children = (
				67EF35031EC4B4860048A867 /* AppDelegate.swift */,
				67EF35051EC4B4860048A867 /* ViewController.swift */,
				67EF35071EC4B4860048A867 /* Main.storyboard */,
				67EF350A1EC4B4860048A867 /* Assets.xcassets */,
				67EF350C1EC4B4860048A867 /* LaunchScreen.storyboard */,
				67EF350F1EC4B4860048A867 /* Info.plist */,
			);
			path = Imagepicker;
			sourceTree = "<group>";
		};
/* End PBXGroup section */

/* Begin PBXNativeTarget section */
		67EF34FF1EC4B4860048A867 /* Imagepicker */ = {
			isa = PBXNativeTarget;
			buildConfigurationList = 67EF35121EC4B4860048A867 /* Build configuration list for PBXNativeTarget "Imagepicker" */;
			buildPhases = (
				67EF34FC1EC4B4860048A867 /* Sources */,
				67EF34FD1EC4B4860048A867 /* Frameworks */,
				67EF34FE1EC4B4860048A867 /* Resources */,
			);
			buildRules = (
			);
			dependencies = (
			);
			name = Imagepicker;
			productName = Imagepicker;
			productReference = 67EF35001EC4B4860048A867 /* Imagepicker.app */;
			productType = "com.apple.product-type.application";
		};
/* End PBXNativeTarget section */

/* Begin PBXProject section */
		67EF34F81EC4B4860048A867 /* Project object */ = {
			isa = PBXProject;
			attributes = {
				LastSwiftUpdateCheck = 0830;
				LastUpgradeCheck = 0830;
				ORGANIZATIONNAME = "Martina Klimova";
				TargetAttributes = {
					67EF34FF1EC4B4860048A867 = {
						CreatedOnToolsVersion = 8.3.1;
						ProvisioningStyle = Automatic;
					};
				};
			};
			buildConfigurationList = 67EF34FB1EC4B4860048A867 /* Build configuration list for PBXProject "Imagepicker" */;
			compatibilityVersion = "Xcode 3.2";
			developmentRegion = English;
			hasScannedForEncodings = 0;
			knownRegions = (
				en,
				Base,
			);
			mainGroup = 67EF34F71EC4B4860048A867;
			productRefGroup = 67EF35011EC4B4860048A867 /* Products */;
			projectDirPath = "";
			projectRoot = "";
			targets = (
				67EF34FF1EC4B4860048A867 /* Imagepicker */,
			);
		};
/* End PBXProject section */

/* Begin PBXResourcesBuildPhase section */
		67EF34FE1EC4B4860048A867 /* Resources */ = {
			isa = PBXResourcesBuildPhase;
			buildActionMask = 2147483647;
			files = (
				67EF350E1EC4B4860048A867 /* LaunchScreen.storyboard in Resources */,
				67EF350B1EC4B4860048A867 /* Assets.xcassets in Resources */,
				67EF35091EC4B4860048A867 /* Main.storyboard in Resources */,
			);
			runOnlyForDeploymentPostprocessing = 0;
		};
/* End PBXResourcesBuildPhase section */

/* Begin PBXSourcesBuildPhase section */
		67EF34FC1EC4B4860048A867 /* Sources */ = {
			isa = PBXSourcesBuildPhase;
			buildActionMask = 2147483647;
			files = (
				67EF35061EC4B4860048A867 /* ViewController.swift in Sources */,
				67EF35041EC4B4860048A867 /* AppDelegate.swift in Sources */,
			);
			runOnlyForDeploymentPostprocessing = 0;
		};
/* End PBXSourcesBuildPhase section */

/* Begin PBXVariantGroup section */
		67EF35071EC4B4860048A867 /* Main.storyboard */ = {
			isa = PBXVariantGroup;
			children = (
				67EF35081EC4B4860048A867 /* Base */,
			);
			name = Main.storyboard;
			sourceTree = "<group>";
		};
		67EF350C1EC4B4860048A867 /* LaunchScreen.storyboard */ = {
			isa = PBXVariantGroup;
			children = (
				67EF350D1EC4B4860048A867 /* Base */,
			);
			name = LaunchScreen.storyboard;
			sourceTree = "<group>";
		};
/* End PBXVariantGroup section */

/* Begin XCBuildConfiguration section */
		67EF35101EC4B4860048A867 /* Debug */ = {
			isa = XCBuildConfiguration;
			buildSettings = {
				ALWAYS_SEARCH_USER_PATHS = NO;
				CLANG_ANALYZER_NONNULL = YES;
				CLANG_ANALYZER_NUMBER_OBJECT_CONVERSION = YES_AGGRESSIVE;
				CLANG_CXX_LANGUAGE_STANDARD = "gnu++0x";
				CLANG_CXX_LIBRARY = "libc++";
				CLANG_ENABLE_MODULES = YES;
				CLANG_ENABLE_OBJC_ARC = YES;
				CLANG_WARN_BOOL_CONVERSION = YES;
				CLANG_WARN_CONSTANT_CONVERSION = YES;
				CLANG_WARN_DIRECT_OBJC_ISA_USAGE = YES_ERROR;
				CLANG_WARN_DOCUMENTATION_COMMENTS = YES;
				CLANG_WARN_EMPTY_BODY = YES;
				CLANG_WARN_ENUM_CONVERSION = YES;
				CLANG_WARN_INFINITE_RECURSION = YES;
				CLANG_WARN_INT_CONVERSION = YES;
				CLANG_WARN_OBJC_ROOT_CLASS = YES_ERROR;
				CLANG_WARN_SUSPICIOUS_MOVE = YES;
				CLANG_WARN_UNREACHABLE_CODE = YES;
				CLANG_WARN__DUPLICATE_METHOD_MATCH = YES;
				"CODE_SIGN_IDENTITY[sdk=iphoneos*]" = "iPhone Developer";
				COPY_PHASE_STRIP = NO;
				DEBUG_INFORMATION_FORMAT = dwarf;
				ENABLE_STRICT_OBJC_MSGSEND = YES;
				ENABLE_TESTABILITY = YES;
				GCC_C_LANGUAGE_STANDARD = gnu99;
				GCC_DYNAMIC_NO_PIC = NO;
				GCC_NO_COMMON_BLOCKS = YES;
				GCC_OPTIMIZATION_LEVEL = 0;
				GCC_PREPROCESSOR_DEFINITIONS = (
					"DEBUG=1",
					"$(inherited)",
				);
				GCC_WARN_64_TO_32_BIT_CONVERSION = YES;
				GCC_WARN_ABOUT_RETURN_TYPE = YES_ERROR;
				GCC_WARN_UNDECLARED_SELECTOR = YES;
				GCC_WARN_UNINITIALIZED_AUTOS = YES_AGGRESSIVE;
				GCC_WARN_UNUSED_FUNCTION = YES;
				GCC_WARN_UNUSED_VARIABLE = YES;
				IPHONEOS_DEPLOYMENT_TARGET = 10.3;
				MTL_ENABLE_DEBUG_INFO = YES;
				ONLY_ACTIVE_ARCH = YES;
				SDKROOT = iphoneos;
				SWIFT_ACTIVE_COMPILATION_CONDITIONS = DEBUG;
				SWIFT_OPTIMIZATION_LEVEL = "-Onone";
				TARGETED_DEVICE_FAMILY = "1,2";
			};
			name = Debug;
		};
		67EF35111EC4B4860048A867 /* Release */ = {
			isa = XCBuildConfiguration;
			buildSettings = {
				ALWAYS_SEARCH_USER_PATHS = NO;
				CLANG_ANALYZER_NONNULL = YES;
				CLANG_ANALYZER_NUMBER_OBJECT_CONVERSION = YES_AGGRESSIVE;
				CLANG_CXX_LANGUAGE_STANDARD = "gnu++0x";
				CLANG_CXX_LIBRARY = "libc++";
				CLANG_ENABLE_MODULES = YES;
				CLANG_ENABLE_OBJC_ARC = YES;
				CLANG_WARN_BOOL_CONVERSION = YES;
				CLANG_WARN_CONSTANT_CONVERSION = YES;
				CLANG_WARN_DIRECT_OBJC_ISA_USAGE = YES_ERROR;
				CLANG_WARN_DOCUMENTATION_COMMENTS = YES;
				CLANG_WARN_EMPTY_BODY = YES;
				CLANG_WARN_ENUM_CONVERSION = YES;
				CLANG_WARN_INFINITE_RECURSION = YES;
				CLANG_WARN_INT_CONVERSION = YES;
				CLANG_WARN_OBJC_ROOT_CLASS = YES_ERROR;
				CLANG_WARN_SUSPICIOUS_MOVE = YES;
				CLANG_WARN_UNREACHABLE_CODE = YES;
				CLANG_WARN__DUPLICATE_METHOD_MATCH = YES;
				"CODE_SIGN_IDENTITY[sdk=iphoneos*]" = "iPhone Developer";
				COPY_PHASE_STRIP = NO;
				DEBUG_INFORMATION_FORMAT = "dwarf-with-dsym";
				ENABLE_NS_ASSERTIONS = NO;
				ENABLE_STRICT_OBJC_MSGSEND = YES;
				GCC_C_LANGUAGE_STANDARD = gnu99;
				GCC_NO_COMMON_BLOCKS = YES;
				GCC_WARN_64_TO_32_BIT_CONVERSION = YES;
				GCC_WARN_ABOUT_RETURN_TYPE = YES_ERROR;
				GCC_WARN_UNDECLARED_SELECTOR = YES;
				GCC_WARN_UNINITIALIZED_AUTOS = YES_AGGRESSIVE;
				GCC_WARN_UNUSED_FUNCTION = YES;
				GCC_WARN_UNUSED_VARIABLE = YES;
				IPHONEOS_DEPLOYMENT_TARGET = 10.3;
				MTL_ENABLE_DEBUG_INFO = NO;
				SDKROOT = iphoneos;
				SWIFT_OPTIMIZATION_LEVEL = "-Owholemodule";
				TARGETED_DEVICE_FAMILY = "1,2";
				VALIDATE_PRODUCT = YES;
			};
			name = Release;
		};
		67EF35131EC4B4860048A867 /* Debug */ = {
			isa = XCBuildConfiguration;
			buildSettings = {
				ASSETCATALOG_COMPILER_APPICON_NAME = AppIcon;
				INFOPLIST_FILE = Imagepicker/Info.plist;
				LD_RUNPATH_SEARCH_PATHS = "$(inherited) @executable_path/Frameworks";
				PRODUCT_BUNDLE_IDENTIFIER = com.udacity.Imagepicker;
				PRODUCT_NAME = "$(TARGET_NAME)";
				SWIFT_VERSION = 3.0;
			};
			name = Debug;
		};
		67EF35141EC4B4860048A867 /* Release */ = {
			isa = XCBuildConfiguration;
			buildSettings = {
				ASSETCATALOG_COMPILER_APPICON_NAME = AppIcon;
				INFOPLIST_FILE = Imagepicker/Info.plist;
				LD_RUNPATH_SEARCH_PATHS = "$(inherited) @executable_path/Frameworks";
				PRODUCT_BUNDLE_IDENTIFIER = com.udacity.Imagepicker;
				PRODUCT_NAME = "$(TARGET_NAME)";
				SWIFT_VERSION = 3.0;
			};
			name = Release;
		};
/* End XCBuildConfiguration section */

/* Begin XCConfigurationList section */
		67EF34FB1EC4B4860048A867 /* Build configuration list for PBXProject "Imagepicker" */ = {
			isa = XCConfigurationList;
			buildConfigurations = (
				67EF35101EC4B4860048A867 /* Debug */,
				67EF35111EC4B4860048A867 /* Release */,
			);
			defaultConfigurationIsVisible = 0;
			defaultConfigurationName = Release;
		};
		67EF35121EC4B4860048A867 /* Build configuration list for PBXNativeTarget "Imagepicker" */ = {
			isa = XCConfigurationList;
			buildConfigurations = (
				67EF35131EC4B4860048A867 /* Debug */,
				67EF35141EC4B4860048A867 /* Release */,
			);
			defaultConfigurationIsVisible = 0;
			defaultConfigurationName = Release;
		};
/* End XCConfigurationList section */
	};
	rootObject = 67EF34F81EC4B4860048A867 /* Project object */;
}
